
Microsoft Visual Studio Solution File, Format Version 12.00
# Visual Studio Version 16
VisualStudioVersion = 16.0.31624.102
MinimumVisualStudioVersion = 10.0.40219.1
Project("{FAE04EC0-301F-11D3-BF4B-00C04F79EFBC}") = "Shop.DataAccess", "Shop.DataAccess\Shop.DataAccess.csproj", "{DF1708E1-17AF-4292-9A55-4AF528B7B1AE}"
EndProject
Project("{FAE04EC0-301F-11D3-BF4B-00C04F79EFBC}") = "Shop.Entities", "Shop.Entities\Shop.Entities.csproj", "{0C3B673F-E852-4C30-A52B-7CCF86FF702E}"
EndProject
Project("{FAE04EC0-301F-11D3-BF4B-00C04F79EFBC}") = "Shop.Business", "Shop.Business\Shop.Business.csproj", "{979D6423-6C5E-43CA-8A22-8F2D95C36D7C}"
EndProject
Project("{FAE04EC0-301F-11D3-BF4B-00C04F79EFBC}") = "Shop.WebUI", "Shop.WebUI\Shop.WebUI.csproj", "{0B2641D9-B772-441D-81E3-FBD8571B14C3}"
EndProject
Project("{FAE04EC0-301F-11D3-BF4B-00C04F79EFBC}") = "Shop.Core", "Shop.Core\Shop.Core.csproj", "{4CCF25DE-752D-4569-8173-CF0A31D4F963}"
EndProject
Global
	GlobalSection(SolutionConfigurationPlatforms) = preSolution
		Debug|Any CPU = Debug|Any CPU
		Release|Any CPU = Release|Any CPU
	EndGlobalSection
	GlobalSection(ProjectConfigurationPlatforms) = postSolution
		{DF1708E1-17AF-4292-9A55-4AF528B7B1AE}.Debug|Any CPU.ActiveCfg = Debug|Any CPU
		{DF1708E1-17AF-4292-9A55-4AF528B7B1AE}.Debug|Any CPU.Build.0 = Debug|Any CPU
		{DF1708E1-17AF-4292-9A55-4AF528B7B1AE}.Release|Any CPU.ActiveCfg = Release|Any CPU
		{DF1708E1-17AF-4292-9A55-4AF528B7B1AE}.Release|Any CPU.Build.0 = Release|Any CPU
		{0C3B673F-E852-4C30-A52B-7CCF86FF702E}.Debug|Any CPU.ActiveCfg = Debug|Any CPU
		{0C3B673F-E852-4C30-A52B-7CCF86FF702E}.Debug|Any CPU.Build.0 = Debug|Any CPU
		{0C3B673F-E852-4C30-A52B-7CCF86FF702E}.Release|Any CPU.ActiveCfg = Release|Any CPU
		{0C3B673F-E852-4C30-A52B-7CCF86FF702E}.Release|Any CPU.Build.0 = Release|Any CPU
		{979D6423-6C5E-43CA-8A22-8F2D95C36D7C}.Debug|Any CPU.ActiveCfg = Debug|Any CPU
		{979D6423-6C5E-43CA-8A22-8F2D95C36D7C}.Debug|Any CPU.Build.0 = Debug|Any CPU
		{979D6423-6C5E-43CA-8A22-8F2D95C36D7C}.Release|Any CPU.ActiveCfg = Release|Any CPU
		{979D6423-6C5E-43CA-8A22-8F2D95C36D7C}.Release|Any CPU.Build.0 = Release|Any CPU
		{0B2641D9-B772-441D-81E3-FBD8571B14C3}.Debug|Any CPU.ActiveCfg = Debug|Any CPU
		{0B2641D9-B772-441D-81E3-FBD8571B14C3}.Debug|Any CPU.Build.0 = Debug|Any CPU
		{0B2641D9-B772-441D-81E3-FBD8571B14C3}.Release|Any CPU.ActiveCfg = Release|Any CPU
		{0B2641D9-B772-441D-81E3-FBD8571B14C3}.Release|Any CPU.Build.0 = Release|Any CPU
		{4CCF25DE-752D-4569-8173-CF0A31D4F963}.Debug|Any CPU.ActiveCfg = Debug|Any CPU
		{4CCF25DE-752D-4569-8173-CF0A31D4F963}.Debug|Any CPU.Build.0 = Debug|Any CPU
		{4CCF25DE-752D-4569-8173-CF0A31D4F963}.Release|Any CPU.ActiveCfg = Release|Any CPU
		{4CCF25DE-752D-4569-8173-CF0A31D4F963}.Release|Any CPU.Build.0 = Release|Any CPU
	EndGlobalSection
	GlobalSection(SolutionProperties) = preSolution
		HideSolutionNode = FALSE
	EndGlobalSection
	GlobalSection(ExtensibilityGlobals) = postSolution
		SolutionGuid = {F98E2F92-E01B-4F4E-9596-6F4181E0C354}
	EndGlobalSection
EndGlobal
